// !$*UTF8*$!
{
	archiveVersion = 1;
	classes = {
	};
	objectVersion = 56;
	objects = {

/* Begin PBXBuildFile section */
		84085A6F2C3C33C8001F8DB9 /* DetailViewModel.swift in Sources */ = {isa = PBXBuildFile; fileRef = 84085A6E2C3C33C8001F8DB9 /* DetailViewModel.swift */; };
		8425A4B92C37503B00829EF2 /* FilterCharacter.swift in Sources */ = {isa = PBXBuildFile; fileRef = 8425A4B82C37503B00829EF2 /* FilterCharacter.swift */; };
		8425A4BB2C3755F800829EF2 /* CharacterCard.swift in Sources */ = {isa = PBXBuildFile; fileRef = 8425A4BA2C3755F800829EF2 /* CharacterCard.swift */; };
		8433FE5B2C431E5000785B26 /* LocationResponseDataModel.swift in Sources */ = {isa = PBXBuildFile; fileRef = 8433FE5A2C431E5000785B26 /* LocationResponseDataModel.swift */; };
		84453D8D2C3B014F00F234B4 /* CharacterDetailView.swift in Sources */ = {isa = PBXBuildFile; fileRef = 84453D8C2C3B014F00F234B4 /* CharacterDetailView.swift */; };
		844A90852BE5350200FD5154 /* NetworkManager.swift in Sources */ = {isa = PBXBuildFile; fileRef = 844A90842BE5350200FD5154 /* NetworkManager.swift */; };
		844A90892BE5356E00FD5154 /* Constansts.swift in Sources */ = {isa = PBXBuildFile; fileRef = 844A90882BE5356E00FD5154 /* Constansts.swift */; };
		844A908B2BE5361300FD5154 /* CharacterResponseDataModel.swift in Sources */ = {isa = PBXBuildFile; fileRef = 844A908A2BE5361300FD5154 /* CharacterResponseDataModel.swift */; };
		844A908E2BE5383800FD5154 /* CharacterViewModel.swift in Sources */ = {isa = PBXBuildFile; fileRef = 844A908D2BE5383800FD5154 /* CharacterViewModel.swift */; };
		844A90922BE53E3F00FD5154 /* EpisodeResponseDataModel.swift in Sources */ = {isa = PBXBuildFile; fileRef = 844A90912BE53E3F00FD5154 /* EpisodeResponseDataModel.swift */; };
		844A90952BE53F6800FD5154 /* EpisodeViewModel.swift in Sources */ = {isa = PBXBuildFile; fileRef = 844A90942BE53F6800FD5154 /* EpisodeViewModel.swift */; };
		844BA2322BE43ABA00138F3D /* EpisodeView.swift in Sources */ = {isa = PBXBuildFile; fileRef = 844BA2312BE43ABA00138F3D /* EpisodeView.swift */; };
		844BA2372BE43B4600138F3D /* CharacterView.swift in Sources */ = {isa = PBXBuildFile; fileRef = 844BA2362BE43B4600138F3D /* CharacterView.swift */; };
		844BA23A2BE43BBA00138F3D /* FavoriteView.swift in Sources */ = {isa = PBXBuildFile; fileRef = 844BA2392BE43BBA00138F3D /* FavoriteView.swift */; };
		844BA23E2BE43D7700138F3D /* SettingView.swift in Sources */ = {isa = PBXBuildFile; fileRef = 844BA23D2BE43D7700138F3D /* SettingView.swift */; };
		8473D9782C34B68200796618 /* LocationView.swift in Sources */ = {isa = PBXBuildFile; fileRef = 8473D9772C34B68200796618 /* LocationView.swift */; };
		8473D97B2C34B72300796618 /* LocationViewModel.swift in Sources */ = {isa = PBXBuildFile; fileRef = 8473D97A2C34B72300796618 /* LocationViewModel.swift */; };
		847BC6AF2C408DB900A180F4 /* iOSCheckboxToggleStyle.swift in Sources */ = {isa = PBXBuildFile; fileRef = 847BC6AE2C408DB900A180F4 /* iOSCheckboxToggleStyle.swift */; };
		84DD48E42BE436F700175061 /* RickAndMortyAppApp.swift in Sources */ = {isa = PBXBuildFile; fileRef = 84DD48E32BE436F700175061 /* RickAndMortyAppApp.swift */; };
		84DD48E62BE436F700175061 /* ContentView.swift in Sources */ = {isa = PBXBuildFile; fileRef = 84DD48E52BE436F700175061 /* ContentView.swift */; };
		84DD48E82BE436F800175061 /* Assets.xcassets in Resources */ = {isa = PBXBuildFile; fileRef = 84DD48E72BE436F800175061 /* Assets.xcassets */; };
		84DD48EB2BE436F800175061 /* Preview Assets.xcassets in Resources */ = {isa = PBXBuildFile; fileRef = 84DD48EA2BE436F800175061 /* Preview Assets.xcassets */; };
/* End PBXBuildFile section */

/* Begin PBXFileReference section */
		84085A6E2C3C33C8001F8DB9 /* DetailViewModel.swift */ = {isa = PBXFileReference; lastKnownFileType = sourcecode.swift; path = DetailViewModel.swift; sourceTree = "<group>"; };
		8425A4B82C37503B00829EF2 /* FilterCharacter.swift */ = {isa = PBXFileReference; lastKnownFileType = sourcecode.swift; path = FilterCharacter.swift; sourceTree = "<group>"; };
		8425A4BA2C3755F800829EF2 /* CharacterCard.swift */ = {isa = PBXFileReference; lastKnownFileType = sourcecode.swift; path = CharacterCard.swift; sourceTree = "<group>"; };
		8433FE5A2C431E5000785B26 /* LocationResponseDataModel.swift */ = {isa = PBXFileReference; lastKnownFileType = sourcecode.swift; path = LocationResponseDataModel.swift; sourceTree = "<group>"; };
		84453D8C2C3B014F00F234B4 /* CharacterDetailView.swift */ = {isa = PBXFileReference; lastKnownFileType = sourcecode.swift; path = CharacterDetailView.swift; sourceTree = "<group>"; };
		844A90842BE5350200FD5154 /* NetworkManager.swift */ = {isa = PBXFileReference; lastKnownFileType = sourcecode.swift; path = NetworkManager.swift; sourceTree = "<group>"; };
		844A90882BE5356E00FD5154 /* Constansts.swift */ = {isa = PBXFileReference; lastKnownFileType = sourcecode.swift; path = Constansts.swift; sourceTree = "<group>"; };
		844A908A2BE5361300FD5154 /* CharacterResponseDataModel.swift */ = {isa = PBXFileReference; lastKnownFileType = sourcecode.swift; path = CharacterResponseDataModel.swift; sourceTree = "<group>"; };
		844A908D2BE5383800FD5154 /* CharacterViewModel.swift */ = {isa = PBXFileReference; lastKnownFileType = sourcecode.swift; path = CharacterViewModel.swift; sourceTree = "<group>"; };
		844A90912BE53E3F00FD5154 /* EpisodeResponseDataModel.swift */ = {isa = PBXFileReference; lastKnownFileType = sourcecode.swift; path = EpisodeResponseDataModel.swift; sourceTree = "<group>"; };
		844A90942BE53F6800FD5154 /* EpisodeViewModel.swift */ = {isa = PBXFileReference; lastKnownFileType = sourcecode.swift; path = EpisodeViewModel.swift; sourceTree = "<group>"; };
		844BA2312BE43ABA00138F3D /* EpisodeView.swift */ = {isa = PBXFileReference; lastKnownFileType = sourcecode.swift; path = EpisodeView.swift; sourceTree = "<group>"; };
		844BA2362BE43B4600138F3D /* CharacterView.swift */ = {isa = PBXFileReference; lastKnownFileType = sourcecode.swift; path = CharacterView.swift; sourceTree = "<group>"; };
		844BA2392BE43BBA00138F3D /* FavoriteView.swift */ = {isa = PBXFileReference; lastKnownFileType = sourcecode.swift; path = FavoriteView.swift; sourceTree = "<group>"; };
		844BA23D2BE43D7700138F3D /* SettingView.swift */ = {isa = PBXFileReference; lastKnownFileType = sourcecode.swift; path = SettingView.swift; sourceTree = "<group>"; };
		8473D9772C34B68200796618 /* LocationView.swift */ = {isa = PBXFileReference; lastKnownFileType = sourcecode.swift; path = LocationView.swift; sourceTree = "<group>"; };
		8473D97A2C34B72300796618 /* LocationViewModel.swift */ = {isa = PBXFileReference; lastKnownFileType = sourcecode.swift; path = LocationViewModel.swift; sourceTree = "<group>"; };
		847BC6AE2C408DB900A180F4 /* iOSCheckboxToggleStyle.swift */ = {isa = PBXFileReference; lastKnownFileType = sourcecode.swift; path = iOSCheckboxToggleStyle.swift; sourceTree = "<group>"; };
		84DD48E02BE436F700175061 /* RickAndMortyApp.app */ = {isa = PBXFileReference; explicitFileType = wrapper.application; includeInIndex = 0; path = RickAndMortyApp.app; sourceTree = BUILT_PRODUCTS_DIR; };
		84DD48E32BE436F700175061 /* RickAndMortyAppApp.swift */ = {isa = PBXFileReference; lastKnownFileType = sourcecode.swift; path = RickAndMortyAppApp.swift; sourceTree = "<group>"; };
		84DD48E52BE436F700175061 /* ContentView.swift */ = {isa = PBXFileReference; lastKnownFileType = sourcecode.swift; path = ContentView.swift; sourceTree = "<group>"; };
		84DD48E72BE436F800175061 /* Assets.xcassets */ = {isa = PBXFileReference; lastKnownFileType = folder.assetcatalog; path = Assets.xcassets; sourceTree = "<group>"; };
		84DD48EA2BE436F800175061 /* Preview Assets.xcassets */ = {isa = PBXFileReference; lastKnownFileType = folder.assetcatalog; path = "Preview Assets.xcassets"; sourceTree = "<group>"; };
/* End PBXFileReference section */

/* Begin PBXFrameworksBuildPhase section */
		84DD48DD2BE436F700175061 /* Frameworks */ = {
			isa = PBXFrameworksBuildPhase;
			buildActionMask = 2147483647;
			files = (
			);
			runOnlyForDeploymentPostprocessing = 0;
		};
/* End PBXFrameworksBuildPhase section */

/* Begin PBXGroup section */
		844A90832BE534E800FD5154 /* Managers */ = {
			isa = PBXGroup;
			children = (
				844A90842BE5350200FD5154 /* NetworkManager.swift */,
			);
			path = Managers;
			sourceTree = "<group>";
		};
		844A90862BE5351300FD5154 /* Model */ = {
			isa = PBXGroup;
			children = (
				844A908A2BE5361300FD5154 /* CharacterResponseDataModel.swift */,
				844A90912BE53E3F00FD5154 /* EpisodeResponseDataModel.swift */,
				8433FE5A2C431E5000785B26 /* LocationResponseDataModel.swift */,
			);
			path = Model;
			sourceTree = "<group>";
		};
		844A90872BE5355300FD5154 /* Resource */ = {
			isa = PBXGroup;
			children = (
				844A90882BE5356E00FD5154 /* Constansts.swift */,
				847BC6AE2C408DB900A180F4 /* iOSCheckboxToggleStyle.swift */,
			);
			path = Resource;
			sourceTree = "<group>";
		};
		844A908C2BE5381D00FD5154 /* ViewModel */ = {
			isa = PBXGroup;
			children = (
				844A908D2BE5383800FD5154 /* CharacterViewModel.swift */,
				84085A6E2C3C33C8001F8DB9 /* DetailViewModel.swift */,
			);
			path = ViewModel;
			sourceTree = "<group>";
		};
		844A90932BE53F5600FD5154 /* ViewModel */ = {
			isa = PBXGroup;
			children = (
				844A90942BE53F6800FD5154 /* EpisodeViewModel.swift */,
			);
			path = ViewModel;
			sourceTree = "<group>";
		};
		844BA22F2BE43A7600138F3D /* Modules */ = {
			isa = PBXGroup;
			children = (
				8473D9752C34B66700796618 /* Location */,
				844BA23B2BE43D6200138F3D /* Setting */,
				844BA2382BE43B9F00138F3D /* Favorite */,
				844BA2342BE43B3100138F3D /* Character */,
				844BA2302BE43AA800138F3D /* Episode */,
			);
			path = Modules;
			sourceTree = "<group>";
		};
		844BA2302BE43AA800138F3D /* Episode */ = {
			isa = PBXGroup;
			children = (
				844A90932BE53F5600FD5154 /* ViewModel */,
				844BA2332BE43ABF00138F3D /* View */,
			);
			path = Episode;
			sourceTree = "<group>";
		};
		844BA2332BE43ABF00138F3D /* View */ = {
			isa = PBXGroup;
			children = (
				844BA2312BE43ABA00138F3D /* EpisodeView.swift */,
			);
			path = View;
			sourceTree = "<group>";
		};
		844BA2342BE43B3100138F3D /* Character */ = {
			isa = PBXGroup;
			children = (
				844A908C2BE5381D00FD5154 /* ViewModel */,
				844BA2352BE43B3800138F3D /* View */,
			);
			path = Character;
			sourceTree = "<group>";
		};
		844BA2352BE43B3800138F3D /* View */ = {
			isa = PBXGroup;
			children = (
				844BA2362BE43B4600138F3D /* CharacterView.swift */,
				8425A4B82C37503B00829EF2 /* FilterCharacter.swift */,
				8425A4BA2C3755F800829EF2 /* CharacterCard.swift */,
				84453D8C2C3B014F00F234B4 /* CharacterDetailView.swift */,
			);
			path = View;
			sourceTree = "<group>";
		};
		844BA2382BE43B9F00138F3D /* Favorite */ = {
			isa = PBXGroup;
			children = (
				844BA2392BE43BBA00138F3D /* FavoriteView.swift */,
			);
			path = Favorite;
			sourceTree = "<group>";
		};
		844BA23B2BE43D6200138F3D /* Setting */ = {
			isa = PBXGroup;
			children = (
				844BA23C2BE43D6B00138F3D /* View */,
			);
			path = Setting;
			sourceTree = "<group>";
		};
		844BA23C2BE43D6B00138F3D /* View */ = {
			isa = PBXGroup;
			children = (
				844BA23D2BE43D7700138F3D /* SettingView.swift */,
			);
			name = View;
			sourceTree = "<group>";
		};
		8473D9752C34B66700796618 /* Location */ = {
			isa = PBXGroup;
			children = (
				8473D9792C34B71300796618 /* ViewModel */,
				8473D9762C34B66E00796618 /* View */,
			);
			path = Location;
			sourceTree = "<group>";
		};
		8473D9762C34B66E00796618 /* View */ = {
			isa = PBXGroup;
			children = (
				8473D9772C34B68200796618 /* LocationView.swift */,
			);
			path = View;
			sourceTree = "<group>";
		};
		8473D9792C34B71300796618 /* ViewModel */ = {
			isa = PBXGroup;
			children = (
				8473D97A2C34B72300796618 /* LocationViewModel.swift */,
			);
			path = ViewModel;
			sourceTree = "<group>";
		};
		84DD48D72BE436F700175061 = {
			isa = PBXGroup;
			children = (
				84DD48E22BE436F700175061 /* RickAndMortyApp */,
				84DD48E12BE436F700175061 /* Products */,
			);
			sourceTree = "<group>";
		};
		84DD48E12BE436F700175061 /* Products */ = {
			isa = PBXGroup;
			children = (
				84DD48E02BE436F700175061 /* RickAndMortyApp.app */,
			);
			name = Products;
			sourceTree = "<group>";
		};
		84DD48E22BE436F700175061 /* RickAndMortyApp */ = {
			isa = PBXGroup;
			children = (
				844A90872BE5355300FD5154 /* Resource */,
				844A90862BE5351300FD5154 /* Model */,
				844A90832BE534E800FD5154 /* Managers */,
				844BA22F2BE43A7600138F3D /* Modules */,
				84DD48E32BE436F700175061 /* RickAndMortyAppApp.swift */,
				84DD48E52BE436F700175061 /* ContentView.swift */,
				84DD48E72BE436F800175061 /* Assets.xcassets */,
				84DD48E92BE436F800175061 /* Preview Content */,
			);
			path = RickAndMortyApp;
			sourceTree = "<group>";
		};
		84DD48E92BE436F800175061 /* Preview Content */ = {
			isa = PBXGroup;
			children = (
				84DD48EA2BE436F800175061 /* Preview Assets.xcassets */,
			);
			path = "Preview Content";
			sourceTree = "<group>";
		};
/* End PBXGroup section */

/* Begin PBXNativeTarget section */
		84DD48DF2BE436F700175061 /* RickAndMortyApp */ = {
			isa = PBXNativeTarget;
			buildConfigurationList = 84DD48EE2BE436F800175061 /* Build configuration list for PBXNativeTarget "RickAndMortyApp" */;
			buildPhases = (
				84DD48DC2BE436F700175061 /* Sources */,
				84DD48DD2BE436F700175061 /* Frameworks */,
				84DD48DE2BE436F700175061 /* Resources */,
			);
			buildRules = (
			);
			dependencies = (
			);
			name = RickAndMortyApp;
			productName = RickAndMortyApp;
			productReference = 84DD48E02BE436F700175061 /* RickAndMortyApp.app */;
			productType = "com.apple.product-type.application";
		};
/* End PBXNativeTarget section */

/* Begin PBXProject section */
		84DD48D82BE436F700175061 /* Project object */ = {
			isa = PBXProject;
			attributes = {
				BuildIndependentTargetsInParallel = 1;
				LastSwiftUpdateCheck = 1500;
				LastUpgradeCheck = 1500;
				TargetAttributes = {
					84DD48DF2BE436F700175061 = {
						CreatedOnToolsVersion = 15.0.1;
					};
				};
			};
			buildConfigurationList = 84DD48DB2BE436F700175061 /* Build configuration list for PBXProject "RickAndMortyApp" */;
			compatibilityVersion = "Xcode 14.0";
			developmentRegion = en;
			hasScannedForEncodings = 0;
			knownRegions = (
				en,
				Base,
			);
			mainGroup = 84DD48D72BE436F700175061;
			productRefGroup = 84DD48E12BE436F700175061 /* Products */;
			projectDirPath = "";
			projectRoot = "";
			targets = (
				84DD48DF2BE436F700175061 /* RickAndMortyApp */,
			);
		};
/* End PBXProject section */

/* Begin PBXResourcesBuildPhase section */
		84DD48DE2BE436F700175061 /* Resources */ = {
			isa = PBXResourcesBuildPhase;
			buildActionMask = 2147483647;
			files = (
				84DD48EB2BE436F800175061 /* Preview Assets.xcassets in Resources */,
				84DD48E82BE436F800175061 /* Assets.xcassets in Resources */,
			);
			runOnlyForDeploymentPostprocessing = 0;
		};
/* End PBXResourcesBuildPhase section */

/* Begin PBXSourcesBuildPhase section */
		84DD48DC2BE436F700175061 /* Sources */ = {
			isa = PBXSourcesBuildPhase;
			buildActionMask = 2147483647;
			files = (
				8473D9782C34B68200796618 /* LocationView.swift in Sources */,
				84DD48E62BE436F700175061 /* ContentView.swift in Sources */,
				844A90922BE53E3F00FD5154 /* EpisodeResponseDataModel.swift in Sources */,
				844A908B2BE5361300FD5154 /* CharacterResponseDataModel.swift in Sources */,
				844BA2322BE43ABA00138F3D /* EpisodeView.swift in Sources */,
				84453D8D2C3B014F00F234B4 /* CharacterDetailView.swift in Sources */,
				8425A4BB2C3755F800829EF2 /* CharacterCard.swift in Sources */,
				844BA2372BE43B4600138F3D /* CharacterView.swift in Sources */,
				844A90892BE5356E00FD5154 /* Constansts.swift in Sources */,
				8433FE5B2C431E5000785B26 /* LocationResponseDataModel.swift in Sources */,
				844A90852BE5350200FD5154 /* NetworkManager.swift in Sources */,
				844A908E2BE5383800FD5154 /* CharacterViewModel.swift in Sources */,
				844BA23E2BE43D7700138F3D /* SettingView.swift in Sources */,
				8425A4B92C37503B00829EF2 /* FilterCharacter.swift in Sources */,
				84085A6F2C3C33C8001F8DB9 /* DetailViewModel.swift in Sources */,
				844BA23A2BE43BBA00138F3D /* FavoriteView.swift in Sources */,
				8473D97B2C34B72300796618 /* LocationViewModel.swift in Sources */,
				847BC6AF2C408DB900A180F4 /* iOSCheckboxToggleStyle.swift in Sources */,
				844A90952BE53F6800FD5154 /* EpisodeViewModel.swift in Sources */,
				84DD48E42BE436F700175061 /* RickAndMortyAppApp.swift in Sources */,
			);
			runOnlyForDeploymentPostprocessing = 0;
		};
/* End PBXSourcesBuildPhase section */

/* Begin XCBuildConfiguration section */
		84DD48EC2BE436F800175061 /* Debug */ = {
			isa = XCBuildConfiguration;
			buildSettings = {
				ALWAYS_SEARCH_USER_PATHS = NO;
				ASSETCATALOG_COMPILER_GENERATE_SWIFT_ASSET_SYMBOL_EXTENSIONS = YES;
				CLANG_ANALYZER_NONNULL = YES;
				CLANG_ANALYZER_NUMBER_OBJECT_CONVERSION = YES_AGGRESSIVE;
				CLANG_CXX_LANGUAGE_STANDARD = "gnu++20";
				CLANG_ENABLE_MODULES = YES;
				CLANG_ENABLE_OBJC_ARC = YES;
				CLANG_ENABLE_OBJC_WEAK = YES;
				CLANG_WARN_BLOCK_CAPTURE_AUTORELEASING = YES;
				CLANG_WARN_BOOL_CONVERSION = YES;
				CLANG_WARN_COMMA = YES;
				CLANG_WARN_CONSTANT_CONVERSION = YES;
				CLANG_WARN_DEPRECATED_OBJC_IMPLEMENTATIONS = YES;
				CLANG_WARN_DIRECT_OBJC_ISA_USAGE = YES_ERROR;
				CLANG_WARN_DOCUMENTATION_COMMENTS = YES;
				CLANG_WARN_EMPTY_BODY = YES;
				CLANG_WARN_ENUM_CONVERSION = YES;
				CLANG_WARN_INFINITE_RECURSION = YES;
				CLANG_WARN_INT_CONVERSION = YES;
				CLANG_WARN_NON_LITERAL_NULL_CONVERSION = YES;
				CLANG_WARN_OBJC_IMPLICIT_RETAIN_SELF = YES;
				CLANG_WARN_OBJC_LITERAL_CONVERSION = YES;
				CLANG_WARN_OBJC_ROOT_CLASS = YES_ERROR;
				CLANG_WARN_QUOTED_INCLUDE_IN_FRAMEWORK_HEADER = YES;
				CLANG_WARN_RANGE_LOOP_ANALYSIS = YES;
				CLANG_WARN_STRICT_PROTOTYPES = YES;
				CLANG_WARN_SUSPICIOUS_MOVE = YES;
				CLANG_WARN_UNGUARDED_AVAILABILITY = YES_AGGRESSIVE;
				CLANG_WARN_UNREACHABLE_CODE = YES;
				CLANG_WARN__DUPLICATE_METHOD_MATCH = YES;
				COPY_PHASE_STRIP = NO;
				DEBUG_INFORMATION_FORMAT = dwarf;
				ENABLE_STRICT_OBJC_MSGSEND = YES;
				ENABLE_TESTABILITY = YES;
				ENABLE_USER_SCRIPT_SANDBOXING = YES;
				GCC_C_LANGUAGE_STANDARD = gnu17;
				GCC_DYNAMIC_NO_PIC = NO;
				GCC_NO_COMMON_BLOCKS = YES;
				GCC_OPTIMIZATION_LEVEL = 0;
				GCC_PREPROCESSOR_DEFINITIONS = (
					"DEBUG=1",
					"$(inherited)",
				);
				GCC_WARN_64_TO_32_BIT_CONVERSION = YES;
				GCC_WARN_ABOUT_RETURN_TYPE = YES_ERROR;
				GCC_WARN_UNDECLARED_SELECTOR = YES;
				GCC_WARN_UNINITIALIZED_AUTOS = YES_AGGRESSIVE;
				GCC_WARN_UNUSED_FUNCTION = YES;
				GCC_WARN_UNUSED_VARIABLE = YES;
				IPHONEOS_DEPLOYMENT_TARGET = 17.0;
				LOCALIZATION_PREFERS_STRING_CATALOGS = YES;
				MTL_ENABLE_DEBUG_INFO = INCLUDE_SOURCE;
				MTL_FAST_MATH = YES;
				ONLY_ACTIVE_ARCH = YES;
				SDKROOT = iphoneos;
				SWIFT_ACTIVE_COMPILATION_CONDITIONS = "DEBUG $(inherited)";
				SWIFT_OPTIMIZATION_LEVEL = "-Onone";
			};
			name = Debug;
		};
		84DD48ED2BE436F800175061 /* Release */ = {
			isa = XCBuildConfiguration;
			buildSettings = {
				ALWAYS_SEARCH_USER_PATHS = NO;
				ASSETCATALOG_COMPILER_GENERATE_SWIFT_ASSET_SYMBOL_EXTENSIONS = YES;
				CLANG_ANALYZER_NONNULL = YES;
				CLANG_ANALYZER_NUMBER_OBJECT_CONVERSION = YES_AGGRESSIVE;
				CLANG_CXX_LANGUAGE_STANDARD = "gnu++20";
				CLANG_ENABLE_MODULES = YES;
				CLANG_ENABLE_OBJC_ARC = YES;
				CLANG_ENABLE_OBJC_WEAK = YES;
				CLANG_WARN_BLOCK_CAPTURE_AUTORELEASING = YES;
				CLANG_WARN_BOOL_CONVERSION = YES;
				CLANG_WARN_COMMA = YES;
				CLANG_WARN_CONSTANT_CONVERSION = YES;
				CLANG_WARN_DEPRECATED_OBJC_IMPLEMENTATIONS = YES;
				CLANG_WARN_DIRECT_OBJC_ISA_USAGE = YES_ERROR;
				CLANG_WARN_DOCUMENTATION_COMMENTS = YES;
				CLANG_WARN_EMPTY_BODY = YES;
				CLANG_WARN_ENUM_CONVERSION = YES;
				CLANG_WARN_INFINITE_RECURSION = YES;
				CLANG_WARN_INT_CONVERSION = YES;
				CLANG_WARN_NON_LITERAL_NULL_CONVERSION = YES;
				CLANG_WARN_OBJC_IMPLICIT_RETAIN_SELF = YES;
				CLANG_WARN_OBJC_LITERAL_CONVERSION = YES;
				CLANG_WARN_OBJC_ROOT_CLASS = YES_ERROR;
				CLANG_WARN_QUOTED_INCLUDE_IN_FRAMEWORK_HEADER = YES;
				CLANG_WARN_RANGE_LOOP_ANALYSIS = YES;
				CLANG_WARN_STRICT_PROTOTYPES = YES;
				CLANG_WARN_SUSPICIOUS_MOVE = YES;
				CLANG_WARN_UNGUARDED_AVAILABILITY = YES_AGGRESSIVE;
				CLANG_WARN_UNREACHABLE_CODE = YES;
				CLANG_WARN__DUPLICATE_METHOD_MATCH = YES;
				COPY_PHASE_STRIP = NO;
				DEBUG_INFORMATION_FORMAT = "dwarf-with-dsym";
				ENABLE_NS_ASSERTIONS = NO;
				ENABLE_STRICT_OBJC_MSGSEND = YES;
				ENABLE_USER_SCRIPT_SANDBOXING = YES;
				GCC_C_LANGUAGE_STANDARD = gnu17;
				GCC_NO_COMMON_BLOCKS = YES;
				GCC_WARN_64_TO_32_BIT_CONVERSION = YES;
				GCC_WARN_ABOUT_RETURN_TYPE = YES_ERROR;
				GCC_WARN_UNDECLARED_SELECTOR = YES;
				GCC_WARN_UNINITIALIZED_AUTOS = YES_AGGRESSIVE;
				GCC_WARN_UNUSED_FUNCTION = YES;
				GCC_WARN_UNUSED_VARIABLE = YES;
				IPHONEOS_DEPLOYMENT_TARGET = 17.0;
				LOCALIZATION_PREFERS_STRING_CATALOGS = YES;
				MTL_ENABLE_DEBUG_INFO = NO;
				MTL_FAST_MATH = YES;
				SDKROOT = iphoneos;
				SWIFT_COMPILATION_MODE = wholemodule;
				VALIDATE_PRODUCT = YES;
			};
			name = Release;
		};
		84DD48EF2BE436F800175061 /* Debug */ = {
			isa = XCBuildConfiguration;
			buildSettings = {
				ASSETCATALOG_COMPILER_APPICON_NAME = AppIcon;
				ASSETCATALOG_COMPILER_GLOBAL_ACCENT_COLOR_NAME = AccentColor;
				CODE_SIGN_STYLE = Automatic;
				CURRENT_PROJECT_VERSION = 1;
				DEVELOPMENT_ASSET_PATHS = "\"RickAndMortyApp/Preview Content\"";
				DEVELOPMENT_TEAM = AB95K5R2N4;
				ENABLE_PREVIEWS = YES;
				GENERATE_INFOPLIST_FILE = YES;
				INFOPLIST_KEY_UIApplicationSceneManifest_Generation = YES;
				INFOPLIST_KEY_UIApplicationSupportsIndirectInputEvents = YES;
				INFOPLIST_KEY_UILaunchScreen_Generation = YES;
				INFOPLIST_KEY_UISupportedInterfaceOrientations_iPad = "UIInterfaceOrientationPortrait UIInterfaceOrientationPortraitUpsideDown UIInterfaceOrientationLandscapeLeft UIInterfaceOrientationLandscapeRight";
				INFOPLIST_KEY_UISupportedInterfaceOrientations_iPhone = "UIInterfaceOrientationPortrait UIInterfaceOrientationLandscapeLeft UIInterfaceOrientationLandscapeRight";
				LD_RUNPATH_SEARCH_PATHS = (
					"$(inherited)",
					"@executable_path/Frameworks",
				);
				MARKETING_VERSION = 1.0;
				PRODUCT_BUNDLE_IDENTIFIER = co.victorsheepman.RickAndMortyApp;
				PRODUCT_NAME = "$(TARGET_NAME)";
				SWIFT_EMIT_LOC_STRINGS = YES;
				SWIFT_VERSION = 5.0;
				TARGETED_DEVICE_FAMILY = "1,2";
			};
			name = Debug;
		};
		84DD48F02BE436F800175061 /* Release */ = {
			isa = XCBuildConfiguration;
			buildSettings = {
				ASSETCATALOG_COMPILER_APPICON_NAME = AppIcon;
				ASSETCATALOG_COMPILER_GLOBAL_ACCENT_COLOR_NAME = AccentColor;
				CODE_SIGN_STYLE = Automatic;
				CURRENT_PROJECT_VERSION = 1;
				DEVELOPMENT_ASSET_PATHS = "\"RickAndMortyApp/Preview Content\"";
				DEVELOPMENT_TEAM = AB95K5R2N4;
				ENABLE_PREVIEWS = YES;
				GENERATE_INFOPLIST_FILE = YES;
				INFOPLIST_KEY_UIApplicationSceneManifest_Generation = YES;
				INFOPLIST_KEY_UIApplicationSupportsIndirectInputEvents = YES;
				INFOPLIST_KEY_UILaunchScreen_Generation = YES;
				INFOPLIST_KEY_UISupportedInterfaceOrientations_iPad = "UIInterfaceOrientationPortrait UIInterfaceOrientationPortraitUpsideDown UIInterfaceOrientationLandscapeLeft UIInterfaceOrientationLandscapeRight";
				INFOPLIST_KEY_UISupportedInterfaceOrientations_iPhone = "UIInterfaceOrientationPortrait UIInterfaceOrientationLandscapeLeft UIInterfaceOrientationLandscapeRight";
				LD_RUNPATH_SEARCH_PATHS = (
					"$(inherited)",
					"@executable_path/Frameworks",
				);
				MARKETING_VERSION = 1.0;
				PRODUCT_BUNDLE_IDENTIFIER = co.victorsheepman.RickAndMortyApp;
				PRODUCT_NAME = "$(TARGET_NAME)";
				SWIFT_EMIT_LOC_STRINGS = YES;
				SWIFT_VERSION = 5.0;
				TARGETED_DEVICE_FAMILY = "1,2";
			};
			name = Release;
		};
/* End XCBuildConfiguration section */

/* Begin XCConfigurationList section */
		84DD48DB2BE436F700175061 /* Build configuration list for PBXProject "RickAndMortyApp" */ = {
			isa = XCConfigurationList;
			buildConfigurations = (
				84DD48EC2BE436F800175061 /* Debug */,
				84DD48ED2BE436F800175061 /* Release */,
			);
			defaultConfigurationIsVisible = 0;
			defaultConfigurationName = Release;
		};
		84DD48EE2BE436F800175061 /* Build configuration list for PBXNativeTarget "RickAndMortyApp" */ = {
			isa = XCConfigurationList;
			buildConfigurations = (
				84DD48EF2BE436F800175061 /* Debug */,
				84DD48F02BE436F800175061 /* Release */,
			);
			defaultConfigurationIsVisible = 0;
			defaultConfigurationName = Release;
		};
/* End XCConfigurationList section */
	};
	rootObject = 84DD48D82BE436F700175061 /* Project object */;
}
