// !$*UTF8*$!
{
	archiveVersion = 1;
	classes = {
	};
	objectVersion = 56;
	objects = {

/* Begin PBXBuildFile section */
		84085A6F2C3C33C8001F8DB9 /* CharacterDetailViewModel.swift in Sources */ = {isa = PBXBuildFile; fileRef = 84085A6E2C3C33C8001F8DB9 /* CharacterDetailViewModel.swift */; };
		8410D2642C50576A00833B3B /* RickAndMortyAppTests.swift in Sources */ = {isa = PBXBuildFile; fileRef = 8410D2632C50576A00833B3B /* RickAndMortyAppTests.swift */; };
		8410D26A2C5058BB00833B3B /* NetworkManagerTests.swift in Sources */ = {isa = PBXBuildFile; fileRef = 8410D25B2C5056A600833B3B /* NetworkManagerTests.swift */; };
		841775222C4870B3006C9CD0 /* FilterEpisodeView.swift in Sources */ = {isa = PBXBuildFile; fileRef = 841775212C4870B3006C9CD0 /* FilterEpisodeView.swift */; };
		841775242C4877F8006C9CD0 /* EpisodeDetailView.swift in Sources */ = {isa = PBXBuildFile; fileRef = 841775232C4877F8006C9CD0 /* EpisodeDetailView.swift */; };
		841775262C487839006C9CD0 /* EpisodeDetailViewModel.swift in Sources */ = {isa = PBXBuildFile; fileRef = 841775252C487839006C9CD0 /* EpisodeDetailViewModel.swift */; };
		8425A4B92C37503B00829EF2 /* FilterCharacter.swift in Sources */ = {isa = PBXBuildFile; fileRef = 8425A4B82C37503B00829EF2 /* FilterCharacter.swift */; };
		8425A4BB2C3755F800829EF2 /* CharacterCard.swift in Sources */ = {isa = PBXBuildFile; fileRef = 8425A4BA2C3755F800829EF2 /* CharacterCard.swift */; };
		8433FE5B2C431E5000785B26 /* LocationResponseDataModel.swift in Sources */ = {isa = PBXBuildFile; fileRef = 8433FE5A2C431E5000785B26 /* LocationResponseDataModel.swift */; };
		8433FE5D2C4321D100785B26 /* LocationCard.swift in Sources */ = {isa = PBXBuildFile; fileRef = 8433FE5C2C4321D100785B26 /* LocationCard.swift */; };
		84453D8D2C3B014F00F234B4 /* CharacterDetailView.swift in Sources */ = {isa = PBXBuildFile; fileRef = 84453D8C2C3B014F00F234B4 /* CharacterDetailView.swift */; };
		844A90852BE5350200FD5154 /* NetworkManager.swift in Sources */ = {isa = PBXBuildFile; fileRef = 844A90842BE5350200FD5154 /* NetworkManager.swift */; };
		844A908B2BE5361300FD5154 /* CharacterResponseDataModel.swift in Sources */ = {isa = PBXBuildFile; fileRef = 844A908A2BE5361300FD5154 /* CharacterResponseDataModel.swift */; };
		844A908E2BE5383800FD5154 /* CharacterViewModel.swift in Sources */ = {isa = PBXBuildFile; fileRef = 844A908D2BE5383800FD5154 /* CharacterViewModel.swift */; };
		844A90922BE53E3F00FD5154 /* EpisodeResponseDataModel.swift in Sources */ = {isa = PBXBuildFile; fileRef = 844A90912BE53E3F00FD5154 /* EpisodeResponseDataModel.swift */; };
		844A90952BE53F6800FD5154 /* EpisodeViewModel.swift in Sources */ = {isa = PBXBuildFile; fileRef = 844A90942BE53F6800FD5154 /* EpisodeViewModel.swift */; };
		844BA2322BE43ABA00138F3D /* EpisodeView.swift in Sources */ = {isa = PBXBuildFile; fileRef = 844BA2312BE43ABA00138F3D /* EpisodeView.swift */; };
		844BA2372BE43B4600138F3D /* CharacterView.swift in Sources */ = {isa = PBXBuildFile; fileRef = 844BA2362BE43B4600138F3D /* CharacterView.swift */; };
		84601A422C515EC2009259A9 /* Constansts.swift in Sources */ = {isa = PBXBuildFile; fileRef = 84601A412C515EC2009259A9 /* Constansts.swift */; };
		84601A442C515EE8009259A9 /* iOSCheckboxToggleStyle.swift in Sources */ = {isa = PBXBuildFile; fileRef = 84601A432C515EE8009259A9 /* iOSCheckboxToggleStyle.swift */; };
		8473D9782C34B68200796618 /* LocationView.swift in Sources */ = {isa = PBXBuildFile; fileRef = 8473D9772C34B68200796618 /* LocationView.swift */; };
		8473D97B2C34B72300796618 /* LocationViewModel.swift in Sources */ = {isa = PBXBuildFile; fileRef = 8473D97A2C34B72300796618 /* LocationViewModel.swift */; };
		84B33CCE2C443D9F00E8BB31 /* FilterLocationView.swift in Sources */ = {isa = PBXBuildFile; fileRef = 84B33CCD2C443D9F00E8BB31 /* FilterLocationView.swift */; };
		84B33CD02C4446C400E8BB31 /* LocationDetailView.swift in Sources */ = {isa = PBXBuildFile; fileRef = 84B33CCF2C4446C400E8BB31 /* LocationDetailView.swift */; };
		84B33CD22C44494200E8BB31 /* LocationDetailViewModel.swift in Sources */ = {isa = PBXBuildFile; fileRef = 84B33CD12C44494200E8BB31 /* LocationDetailViewModel.swift */; };
		84C4E5962C49DBDF0031292A /* SearchItem.swift in Sources */ = {isa = PBXBuildFile; fileRef = 84C4E5952C49DBDF0031292A /* SearchItem.swift */; };
		84C4E5982C49E07B0031292A /* EnumToggle.swift in Sources */ = {isa = PBXBuildFile; fileRef = 84C4E5972C49E07B0031292A /* EnumToggle.swift */; };
		84C4E59A2C49E0CE0031292A /* InputSearch.swift in Sources */ = {isa = PBXBuildFile; fileRef = 84C4E5992C49E0CE0031292A /* InputSearch.swift */; };
		84C4E59C2C49E15D0031292A /* FilterCharacterModel.swift in Sources */ = {isa = PBXBuildFile; fileRef = 84C4E59B2C49E15D0031292A /* FilterCharacterModel.swift */; };
		84D3BFDA2C4EFAE0007620E6 /* HeaderContainer.swift in Sources */ = {isa = PBXBuildFile; fileRef = 84D3BFD92C4EFAE0007620E6 /* HeaderContainer.swift */; };
		84DD48E42BE436F700175061 /* RickAndMortyAppApp.swift in Sources */ = {isa = PBXBuildFile; fileRef = 84DD48E32BE436F700175061 /* RickAndMortyAppApp.swift */; };
		84DD48E62BE436F700175061 /* ContentView.swift in Sources */ = {isa = PBXBuildFile; fileRef = 84DD48E52BE436F700175061 /* ContentView.swift */; };
		84DD48E82BE436F800175061 /* Assets.xcassets in Resources */ = {isa = PBXBuildFile; fileRef = 84DD48E72BE436F800175061 /* Assets.xcassets */; };
		84DD48EB2BE436F800175061 /* Preview Assets.xcassets in Resources */ = {isa = PBXBuildFile; fileRef = 84DD48EA2BE436F800175061 /* Preview Assets.xcassets */; };
		84FC59F52C4C441E0025283B /* EpisodeCard.swift in Sources */ = {isa = PBXBuildFile; fileRef = 84FC59F42C4C441E0025283B /* EpisodeCard.swift */; };
/* End PBXBuildFile section */

/* Begin PBXContainerItemProxy section */
		8410D2652C50576A00833B3B /* PBXContainerItemProxy */ = {
			isa = PBXContainerItemProxy;
			containerPortal = 84DD48D82BE436F700175061 /* Project object */;
			proxyType = 1;
			remoteGlobalIDString = 84DD48DF2BE436F700175061;
			remoteInfo = RickAndMortyApp;
		};
/* End PBXContainerItemProxy section */

/* Begin PBXFileReference section */
		84085A6E2C3C33C8001F8DB9 /* CharacterDetailViewModel.swift */ = {isa = PBXFileReference; lastKnownFileType = sourcecode.swift; path = CharacterDetailViewModel.swift; sourceTree = "<group>"; };
		8410D25B2C5056A600833B3B /* NetworkManagerTests.swift */ = {isa = PBXFileReference; lastKnownFileType = sourcecode.swift; path = NetworkManagerTests.swift; sourceTree = "<group>"; };
		8410D2612C50576A00833B3B /* RickAndMortyAppTests.xctest */ = {isa = PBXFileReference; explicitFileType = wrapper.cfbundle; includeInIndex = 0; path = RickAndMortyAppTests.xctest; sourceTree = BUILT_PRODUCTS_DIR; };
		8410D2632C50576A00833B3B /* RickAndMortyAppTests.swift */ = {isa = PBXFileReference; lastKnownFileType = sourcecode.swift; path = RickAndMortyAppTests.swift; sourceTree = "<group>"; };
		841775212C4870B3006C9CD0 /* FilterEpisodeView.swift */ = {isa = PBXFileReference; lastKnownFileType = sourcecode.swift; path = FilterEpisodeView.swift; sourceTree = "<group>"; };
		841775232C4877F8006C9CD0 /* EpisodeDetailView.swift */ = {isa = PBXFileReference; lastKnownFileType = sourcecode.swift; path = EpisodeDetailView.swift; sourceTree = "<group>"; };
		841775252C487839006C9CD0 /* EpisodeDetailViewModel.swift */ = {isa = PBXFileReference; lastKnownFileType = sourcecode.swift; path = EpisodeDetailViewModel.swift; sourceTree = "<group>"; };
		8425A4B82C37503B00829EF2 /* FilterCharacter.swift */ = {isa = PBXFileReference; lastKnownFileType = sourcecode.swift; path = FilterCharacter.swift; sourceTree = "<group>"; };
		8425A4BA2C3755F800829EF2 /* CharacterCard.swift */ = {isa = PBXFileReference; lastKnownFileType = sourcecode.swift; path = CharacterCard.swift; sourceTree = "<group>"; };
		8433FE5A2C431E5000785B26 /* LocationResponseDataModel.swift */ = {isa = PBXFileReference; lastKnownFileType = sourcecode.swift; path = LocationResponseDataModel.swift; sourceTree = "<group>"; };
		8433FE5C2C4321D100785B26 /* LocationCard.swift */ = {isa = PBXFileReference; lastKnownFileType = sourcecode.swift; path = LocationCard.swift; sourceTree = "<group>"; };
		84453D8C2C3B014F00F234B4 /* CharacterDetailView.swift */ = {isa = PBXFileReference; lastKnownFileType = sourcecode.swift; path = CharacterDetailView.swift; sourceTree = "<group>"; };
		844A90842BE5350200FD5154 /* NetworkManager.swift */ = {isa = PBXFileReference; lastKnownFileType = sourcecode.swift; path = NetworkManager.swift; sourceTree = "<group>"; };
		844A908A2BE5361300FD5154 /* CharacterResponseDataModel.swift */ = {isa = PBXFileReference; lastKnownFileType = sourcecode.swift; path = CharacterResponseDataModel.swift; sourceTree = "<group>"; };
		844A908D2BE5383800FD5154 /* CharacterViewModel.swift */ = {isa = PBXFileReference; lastKnownFileType = sourcecode.swift; path = CharacterViewModel.swift; sourceTree = "<group>"; };
		844A90912BE53E3F00FD5154 /* EpisodeResponseDataModel.swift */ = {isa = PBXFileReference; lastKnownFileType = sourcecode.swift; path = EpisodeResponseDataModel.swift; sourceTree = "<group>"; };
		844A90942BE53F6800FD5154 /* EpisodeViewModel.swift */ = {isa = PBXFileReference; lastKnownFileType = sourcecode.swift; path = EpisodeViewModel.swift; sourceTree = "<group>"; };
		844BA2312BE43ABA00138F3D /* EpisodeView.swift */ = {isa = PBXFileReference; lastKnownFileType = sourcecode.swift; path = EpisodeView.swift; sourceTree = "<group>"; };
		844BA2362BE43B4600138F3D /* CharacterView.swift */ = {isa = PBXFileReference; lastKnownFileType = sourcecode.swift; path = CharacterView.swift; sourceTree = "<group>"; };
		84601A412C515EC2009259A9 /* Constansts.swift */ = {isa = PBXFileReference; lastKnownFileType = sourcecode.swift; path = Constansts.swift; sourceTree = "<group>"; };
		84601A432C515EE8009259A9 /* iOSCheckboxToggleStyle.swift */ = {isa = PBXFileReference; lastKnownFileType = sourcecode.swift; path = iOSCheckboxToggleStyle.swift; sourceTree = "<group>"; };
		8473D9772C34B68200796618 /* LocationView.swift */ = {isa = PBXFileReference; lastKnownFileType = sourcecode.swift; path = LocationView.swift; sourceTree = "<group>"; };
		8473D97A2C34B72300796618 /* LocationViewModel.swift */ = {isa = PBXFileReference; lastKnownFileType = sourcecode.swift; path = LocationViewModel.swift; sourceTree = "<group>"; };
		84B33CCD2C443D9F00E8BB31 /* FilterLocationView.swift */ = {isa = PBXFileReference; lastKnownFileType = sourcecode.swift; path = FilterLocationView.swift; sourceTree = "<group>"; };
		84B33CCF2C4446C400E8BB31 /* LocationDetailView.swift */ = {isa = PBXFileReference; lastKnownFileType = sourcecode.swift; path = LocationDetailView.swift; sourceTree = "<group>"; };
		84B33CD12C44494200E8BB31 /* LocationDetailViewModel.swift */ = {isa = PBXFileReference; lastKnownFileType = sourcecode.swift; path = LocationDetailViewModel.swift; sourceTree = "<group>"; };
		84C4E5952C49DBDF0031292A /* SearchItem.swift */ = {isa = PBXFileReference; lastKnownFileType = sourcecode.swift; path = SearchItem.swift; sourceTree = "<group>"; };
		84C4E5972C49E07B0031292A /* EnumToggle.swift */ = {isa = PBXFileReference; lastKnownFileType = sourcecode.swift; path = EnumToggle.swift; sourceTree = "<group>"; };
		84C4E5992C49E0CE0031292A /* InputSearch.swift */ = {isa = PBXFileReference; lastKnownFileType = sourcecode.swift; path = InputSearch.swift; sourceTree = "<group>"; };
		84C4E59B2C49E15D0031292A /* FilterCharacterModel.swift */ = {isa = PBXFileReference; lastKnownFileType = sourcecode.swift; path = FilterCharacterModel.swift; sourceTree = "<group>"; };
		84D3BFD92C4EFAE0007620E6 /* HeaderContainer.swift */ = {isa = PBXFileReference; lastKnownFileType = sourcecode.swift; path = HeaderContainer.swift; sourceTree = "<group>"; };
		84DD48E02BE436F700175061 /* RickAndMortyApp.app */ = {isa = PBXFileReference; explicitFileType = wrapper.application; includeInIndex = 0; path = RickAndMortyApp.app; sourceTree = BUILT_PRODUCTS_DIR; };
		84DD48E32BE436F700175061 /* RickAndMortyAppApp.swift */ = {isa = PBXFileReference; lastKnownFileType = sourcecode.swift; path = RickAndMortyAppApp.swift; sourceTree = "<group>"; };
		84DD48E52BE436F700175061 /* ContentView.swift */ = {isa = PBXFileReference; lastKnownFileType = sourcecode.swift; path = ContentView.swift; sourceTree = "<group>"; };
		84DD48E72BE436F800175061 /* Assets.xcassets */ = {isa = PBXFileReference; lastKnownFileType = folder.assetcatalog; path = Assets.xcassets; sourceTree = "<group>"; };
		84DD48EA2BE436F800175061 /* Preview Assets.xcassets */ = {isa = PBXFileReference; lastKnownFileType = folder.assetcatalog; path = "Preview Assets.xcassets"; sourceTree = "<group>"; };
		84FC59F42C4C441E0025283B /* EpisodeCard.swift */ = {isa = PBXFileReference; lastKnownFileType = sourcecode.swift; path = EpisodeCard.swift; sourceTree = "<group>"; };
/* End PBXFileReference section */

/* Begin PBXFrameworksBuildPhase section */
		8410D25E2C50576A00833B3B /* Frameworks */ = {
			isa = PBXFrameworksBuildPhase;
			buildActionMask = 2147483647;
			files = (
			);
			runOnlyForDeploymentPostprocessing = 0;
		};
		84DD48DD2BE436F700175061 /* Frameworks */ = {
			isa = PBXFrameworksBuildPhase;
			buildActionMask = 2147483647;
			files = (
			);
			runOnlyForDeploymentPostprocessing = 0;
		};
/* End PBXFrameworksBuildPhase section */

/* Begin PBXGroup section */
		8410D2622C50576A00833B3B /* RickAndMortyAppTests */ = {
			isa = PBXGroup;
			children = (
				8410D2632C50576A00833B3B /* RickAndMortyAppTests.swift */,
				8410D25B2C5056A600833B3B /* NetworkManagerTests.swift */,
			);
			path = RickAndMortyAppTests;
			sourceTree = "<group>";
		};
		844A90832BE534E800FD5154 /* Managers */ = {
			isa = PBXGroup;
			children = (
				844A90842BE5350200FD5154 /* NetworkManager.swift */,
			);
			path = Managers;
			sourceTree = "<group>";
		};
		844A90862BE5351300FD5154 /* Model */ = {
			isa = PBXGroup;
			children = (
				844A908A2BE5361300FD5154 /* CharacterResponseDataModel.swift */,
				844A90912BE53E3F00FD5154 /* EpisodeResponseDataModel.swift */,
				8433FE5A2C431E5000785B26 /* LocationResponseDataModel.swift */,
				84C4E59B2C49E15D0031292A /* FilterCharacterModel.swift */,
			);
			path = Model;
			sourceTree = "<group>";
		};
		844A908C2BE5381D00FD5154 /* ViewModel */ = {
			isa = PBXGroup;
			children = (
				844A908D2BE5383800FD5154 /* CharacterViewModel.swift */,
				84085A6E2C3C33C8001F8DB9 /* CharacterDetailViewModel.swift */,
			);
			path = ViewModel;
			sourceTree = "<group>";
		};
		844A90932BE53F5600FD5154 /* ViewModel */ = {
			isa = PBXGroup;
			children = (
				844A90942BE53F6800FD5154 /* EpisodeViewModel.swift */,
				841775252C487839006C9CD0 /* EpisodeDetailViewModel.swift */,
			);
			path = ViewModel;
			sourceTree = "<group>";
		};
		844BA22F2BE43A7600138F3D /* Modules */ = {
			isa = PBXGroup;
			children = (
				8473D9752C34B66700796618 /* Location */,
				844BA2342BE43B3100138F3D /* Character */,
				844BA2302BE43AA800138F3D /* Episode */,
			);
			path = Modules;
			sourceTree = "<group>";
		};
		844BA2302BE43AA800138F3D /* Episode */ = {
			isa = PBXGroup;
			children = (
				844A90932BE53F5600FD5154 /* ViewModel */,
				844BA2332BE43ABF00138F3D /* View */,
			);
			path = Episode;
			sourceTree = "<group>";
		};
		844BA2332BE43ABF00138F3D /* View */ = {
			isa = PBXGroup;
			children = (
				844BA2312BE43ABA00138F3D /* EpisodeView.swift */,
				841775212C4870B3006C9CD0 /* FilterEpisodeView.swift */,
				841775232C4877F8006C9CD0 /* EpisodeDetailView.swift */,
				84FC59F42C4C441E0025283B /* EpisodeCard.swift */,
			);
			path = View;
			sourceTree = "<group>";
		};
		844BA2342BE43B3100138F3D /* Character */ = {
			isa = PBXGroup;
			children = (
				844A908C2BE5381D00FD5154 /* ViewModel */,
				844BA2352BE43B3800138F3D /* View */,
			);
			path = Character;
			sourceTree = "<group>";
		};
		844BA2352BE43B3800138F3D /* View */ = {
			isa = PBXGroup;
			children = (
				844BA2362BE43B4600138F3D /* CharacterView.swift */,
				8425A4B82C37503B00829EF2 /* FilterCharacter.swift */,
				8425A4BA2C3755F800829EF2 /* CharacterCard.swift */,
				84453D8C2C3B014F00F234B4 /* CharacterDetailView.swift */,
			);
			path = View;
			sourceTree = "<group>";
		};
		84601A402C515EAB009259A9 /* Resource */ = {
			isa = PBXGroup;
			children = (
				84601A412C515EC2009259A9 /* Constansts.swift */,
				84601A432C515EE8009259A9 /* iOSCheckboxToggleStyle.swift */,
			);
			path = Resource;
			sourceTree = "<group>";
		};
		8473D9752C34B66700796618 /* Location */ = {
			isa = PBXGroup;
			children = (
				8473D9792C34B71300796618 /* ViewModel */,
				8473D9762C34B66E00796618 /* View */,
			);
			path = Location;
			sourceTree = "<group>";
		};
		8473D9762C34B66E00796618 /* View */ = {
			isa = PBXGroup;
			children = (
				8473D9772C34B68200796618 /* LocationView.swift */,
				8433FE5C2C4321D100785B26 /* LocationCard.swift */,
				84B33CCD2C443D9F00E8BB31 /* FilterLocationView.swift */,
				84B33CCF2C4446C400E8BB31 /* LocationDetailView.swift */,
			);
			path = View;
			sourceTree = "<group>";
		};
		8473D9792C34B71300796618 /* ViewModel */ = {
			isa = PBXGroup;
			children = (
				8473D97A2C34B72300796618 /* LocationViewModel.swift */,
				84B33CD12C44494200E8BB31 /* LocationDetailViewModel.swift */,
			);
			path = ViewModel;
			sourceTree = "<group>";
		};
		84C4E5942C49DBBF0031292A /* Components */ = {
			isa = PBXGroup;
			children = (
				84C4E5952C49DBDF0031292A /* SearchItem.swift */,
				84C4E5972C49E07B0031292A /* EnumToggle.swift */,
				84C4E5992C49E0CE0031292A /* InputSearch.swift */,
				84D3BFD92C4EFAE0007620E6 /* HeaderContainer.swift */,
			);
			path = Components;
			sourceTree = "<group>";
		};
		84DD48D72BE436F700175061 = {
			isa = PBXGroup;
			children = (
				84DD48E22BE436F700175061 /* RickAndMortyApp */,
				8410D2622C50576A00833B3B /* RickAndMortyAppTests */,
				84DD48E12BE436F700175061 /* Products */,
			);
			sourceTree = "<group>";
		};
		84DD48E12BE436F700175061 /* Products */ = {
			isa = PBXGroup;
			children = (
				84DD48E02BE436F700175061 /* RickAndMortyApp.app */,
				8410D2612C50576A00833B3B /* RickAndMortyAppTests.xctest */,
			);
			name = Products;
			sourceTree = "<group>";
		};
		84DD48E22BE436F700175061 /* RickAndMortyApp */ = {
			isa = PBXGroup;
			children = (
				84601A402C515EAB009259A9 /* Resource */,
				84C4E5942C49DBBF0031292A /* Components */,
				844A90862BE5351300FD5154 /* Model */,
				844A90832BE534E800FD5154 /* Managers */,
				844BA22F2BE43A7600138F3D /* Modules */,
				84DD48E32BE436F700175061 /* RickAndMortyAppApp.swift */,
				84DD48E52BE436F700175061 /* ContentView.swift */,
				84DD48E72BE436F800175061 /* Assets.xcassets */,
				84DD48E92BE436F800175061 /* Preview Content */,
			);
			path = RickAndMortyApp;
			sourceTree = "<group>";
		};
		84DD48E92BE436F800175061 /* Preview Content */ = {
			isa = PBXGroup;
			children = (
				84DD48EA2BE436F800175061 /* Preview Assets.xcassets */,
			);
			path = "Preview Content";
			sourceTree = "<group>";
		};
/* End PBXGroup section */

/* Begin PBXNativeTarget section */
		8410D2602C50576A00833B3B /* RickAndMortyAppTests */ = {
			isa = PBXNativeTarget;
			buildConfigurationList = 8410D2672C50576A00833B3B /* Build configuration list for PBXNativeTarget "RickAndMortyAppTests" */;
			buildPhases = (
				8410D25D2C50576A00833B3B /* Sources */,
				8410D25E2C50576A00833B3B /* Frameworks */,
				8410D25F2C50576A00833B3B /* Resources */,
			);
			buildRules = (
			);
			dependencies = (
				8410D2662C50576A00833B3B /* PBXTargetDependency */,
			);
			name = RickAndMortyAppTests;
			productName = RickAndMortyAppTests;
			productReference = 8410D2612C50576A00833B3B /* RickAndMortyAppTests.xctest */;
			productType = "com.apple.product-type.bundle.unit-test";
		};
		84DD48DF2BE436F700175061 /* RickAndMortyApp */ = {
			isa = PBXNativeTarget;
			buildConfigurationList = 84DD48EE2BE436F800175061 /* Build configuration list for PBXNativeTarget "RickAndMortyApp" */;
			buildPhases = (
				84DD48DC2BE436F700175061 /* Sources */,
				84DD48DD2BE436F700175061 /* Frameworks */,
				84DD48DE2BE436F700175061 /* Resources */,
			);
			buildRules = (
			);
			dependencies = (
			);
			name = RickAndMortyApp;
			productName = RickAndMortyApp;
			productReference = 84DD48E02BE436F700175061 /* RickAndMortyApp.app */;
			productType = "com.apple.product-type.application";
		};
/* End PBXNativeTarget section */

/* Begin PBXProject section */
		84DD48D82BE436F700175061 /* Project object */ = {
			isa = PBXProject;
			attributes = {
				BuildIndependentTargetsInParallel = 1;
				LastSwiftUpdateCheck = 1500;
				LastUpgradeCheck = 1500;
				TargetAttributes = {
					8410D2602C50576A00833B3B = {
						CreatedOnToolsVersion = 15.0.1;
						TestTargetID = 84DD48DF2BE436F700175061;
					};
					84DD48DF2BE436F700175061 = {
						CreatedOnToolsVersion = 15.0.1;
					};
				};
			};
			buildConfigurationList = 84DD48DB2BE436F700175061 /* Build configuration list for PBXProject "RickAndMortyApp" */;
			compatibilityVersion = "Xcode 14.0";
			developmentRegion = en;
			hasScannedForEncodings = 0;
			knownRegions = (
				en,
				Base,
			);
			mainGroup = 84DD48D72BE436F700175061;
			productRefGroup = 84DD48E12BE436F700175061 /* Products */;
			projectDirPath = "";
			projectRoot = "";
			targets = (
				84DD48DF2BE436F700175061 /* RickAndMortyApp */,
				8410D2602C50576A00833B3B /* RickAndMortyAppTests */,
			);
		};
/* End PBXProject section */

/* Begin PBXResourcesBuildPhase section */
		8410D25F2C50576A00833B3B /* Resources */ = {
			isa = PBXResourcesBuildPhase;
			buildActionMask = 2147483647;
			files = (
			);
			runOnlyForDeploymentPostprocessing = 0;
		};
		84DD48DE2BE436F700175061 /* Resources */ = {
			isa = PBXResourcesBuildPhase;
			buildActionMask = 2147483647;
			files = (
				84DD48EB2BE436F800175061 /* Preview Assets.xcassets in Resources */,
				84DD48E82BE436F800175061 /* Assets.xcassets in Resources */,
			);
			runOnlyForDeploymentPostprocessing = 0;
		};
/* End PBXResourcesBuildPhase section */

/* Begin PBXSourcesBuildPhase section */
		8410D25D2C50576A00833B3B /* Sources */ = {
			isa = PBXSourcesBuildPhase;
			buildActionMask = 2147483647;
			files = (
				8410D26A2C5058BB00833B3B /* NetworkManagerTests.swift in Sources */,
				8410D2642C50576A00833B3B /* RickAndMortyAppTests.swift in Sources */,
			);
			runOnlyForDeploymentPostprocessing = 0;
		};
		84DD48DC2BE436F700175061 /* Sources */ = {
			isa = PBXSourcesBuildPhase;
			buildActionMask = 2147483647;
			files = (
				84D3BFDA2C4EFAE0007620E6 /* HeaderContainer.swift in Sources */,
				8473D9782C34B68200796618 /* LocationView.swift in Sources */,
				84DD48E62BE436F700175061 /* ContentView.swift in Sources */,
				844A90922BE53E3F00FD5154 /* EpisodeResponseDataModel.swift in Sources */,
				844A908B2BE5361300FD5154 /* CharacterResponseDataModel.swift in Sources */,
				84601A422C515EC2009259A9 /* Constansts.swift in Sources */,
				84601A442C515EE8009259A9 /* iOSCheckboxToggleStyle.swift in Sources */,
				844BA2322BE43ABA00138F3D /* EpisodeView.swift in Sources */,
				84C4E5982C49E07B0031292A /* EnumToggle.swift in Sources */,
				84C4E59A2C49E0CE0031292A /* InputSearch.swift in Sources */,
				84453D8D2C3B014F00F234B4 /* CharacterDetailView.swift in Sources */,
				8425A4BB2C3755F800829EF2 /* CharacterCard.swift in Sources */,
				844BA2372BE43B4600138F3D /* CharacterView.swift in Sources */,
				8433FE5B2C431E5000785B26 /* LocationResponseDataModel.swift in Sources */,
				844A90852BE5350200FD5154 /* NetworkManager.swift in Sources */,
				841775242C4877F8006C9CD0 /* EpisodeDetailView.swift in Sources */,
				84C4E5962C49DBDF0031292A /* SearchItem.swift in Sources */,
				84FC59F52C4C441E0025283B /* EpisodeCard.swift in Sources */,
				844A908E2BE5383800FD5154 /* CharacterViewModel.swift in Sources */,
				84C4E59C2C49E15D0031292A /* FilterCharacterModel.swift in Sources */,
				841775262C487839006C9CD0 /* EpisodeDetailViewModel.swift in Sources */,
				84B33CCE2C443D9F00E8BB31 /* FilterLocationView.swift in Sources */,
				8425A4B92C37503B00829EF2 /* FilterCharacter.swift in Sources */,
				84B33CD02C4446C400E8BB31 /* LocationDetailView.swift in Sources */,
				84B33CD22C44494200E8BB31 /* LocationDetailViewModel.swift in Sources */,
				84085A6F2C3C33C8001F8DB9 /* CharacterDetailViewModel.swift in Sources */,
				8473D97B2C34B72300796618 /* LocationViewModel.swift in Sources */,
				844A90952BE53F6800FD5154 /* EpisodeViewModel.swift in Sources */,
				8433FE5D2C4321D100785B26 /* LocationCard.swift in Sources */,
				84DD48E42BE436F700175061 /* RickAndMortyAppApp.swift in Sources */,
				841775222C4870B3006C9CD0 /* FilterEpisodeView.swift in Sources */,
			);
			runOnlyForDeploymentPostprocessing = 0;
		};
/* End PBXSourcesBuildPhase section */

/* Begin PBXTargetDependency section */
		8410D2662C50576A00833B3B /* PBXTargetDependency */ = {
			isa = PBXTargetDependency;
			target = 84DD48DF2BE436F700175061 /* RickAndMortyApp */;
			targetProxy = 8410D2652C50576A00833B3B /* PBXContainerItemProxy */;
		};
/* End PBXTargetDependency section */

/* Begin XCBuildConfiguration section */
		8410D2682C50576A00833B3B /* Debug */ = {
			isa = XCBuildConfiguration;
			buildSettings = {
				BUNDLE_LOADER = "$(TEST_HOST)";
				CODE_SIGN_STYLE = Automatic;
				CURRENT_PROJECT_VERSION = 1;
				DEVELOPMENT_TEAM = AB95K5R2N4;
				GENERATE_INFOPLIST_FILE = YES;
				MARKETING_VERSION = 1.0;
				PRODUCT_BUNDLE_IDENTIFIER = co.victorsheepman.RickAndMortyAppTests;
				PRODUCT_NAME = "$(TARGET_NAME)";
				SWIFT_EMIT_LOC_STRINGS = NO;
				SWIFT_VERSION = 5.0;
				TARGETED_DEVICE_FAMILY = "1,2";
				TEST_HOST = "$(BUILT_PRODUCTS_DIR)/RickAndMortyApp.app/$(BUNDLE_EXECUTABLE_FOLDER_PATH)/RickAndMortyApp";
			};
			name = Debug;
		};
		8410D2692C50576A00833B3B /* Release */ = {
			isa = XCBuildConfiguration;
			buildSettings = {
				BUNDLE_LOADER = "$(TEST_HOST)";
				CODE_SIGN_STYLE = Automatic;
				CURRENT_PROJECT_VERSION = 1;
				DEVELOPMENT_TEAM = AB95K5R2N4;
				GENERATE_INFOPLIST_FILE = YES;
				MARKETING_VERSION = 1.0;
				PRODUCT_BUNDLE_IDENTIFIER = co.victorsheepman.RickAndMortyAppTests;
				PRODUCT_NAME = "$(TARGET_NAME)";
				SWIFT_EMIT_LOC_STRINGS = NO;
				SWIFT_VERSION = 5.0;
				TARGETED_DEVICE_FAMILY = "1,2";
				TEST_HOST = "$(BUILT_PRODUCTS_DIR)/RickAndMortyApp.app/$(BUNDLE_EXECUTABLE_FOLDER_PATH)/RickAndMortyApp";
			};
			name = Release;
		};
		84DD48EC2BE436F800175061 /* Debug */ = {
			isa = XCBuildConfiguration;
			buildSettings = {
				ALWAYS_SEARCH_USER_PATHS = NO;
				ASSETCATALOG_COMPILER_GENERATE_SWIFT_ASSET_SYMBOL_EXTENSIONS = YES;
				CLANG_ANALYZER_NONNULL = YES;
				CLANG_ANALYZER_NUMBER_OBJECT_CONVERSION = YES_AGGRESSIVE;
				CLANG_CXX_LANGUAGE_STANDARD = "gnu++20";
				CLANG_ENABLE_MODULES = YES;
				CLANG_ENABLE_OBJC_ARC = YES;
				CLANG_ENABLE_OBJC_WEAK = YES;
				CLANG_WARN_BLOCK_CAPTURE_AUTORELEASING = YES;
				CLANG_WARN_BOOL_CONVERSION = YES;
				CLANG_WARN_COMMA = YES;
				CLANG_WARN_CONSTANT_CONVERSION = YES;
				CLANG_WARN_DEPRECATED_OBJC_IMPLEMENTATIONS = YES;
				CLANG_WARN_DIRECT_OBJC_ISA_USAGE = YES_ERROR;
				CLANG_WARN_DOCUMENTATION_COMMENTS = YES;
				CLANG_WARN_EMPTY_BODY = YES;
				CLANG_WARN_ENUM_CONVERSION = YES;
				CLANG_WARN_INFINITE_RECURSION = YES;
				CLANG_WARN_INT_CONVERSION = YES;
				CLANG_WARN_NON_LITERAL_NULL_CONVERSION = YES;
				CLANG_WARN_OBJC_IMPLICIT_RETAIN_SELF = YES;
				CLANG_WARN_OBJC_LITERAL_CONVERSION = YES;
				CLANG_WARN_OBJC_ROOT_CLASS = YES_ERROR;
				CLANG_WARN_QUOTED_INCLUDE_IN_FRAMEWORK_HEADER = YES;
				CLANG_WARN_RANGE_LOOP_ANALYSIS = YES;
				CLANG_WARN_STRICT_PROTOTYPES = YES;
				CLANG_WARN_SUSPICIOUS_MOVE = YES;
				CLANG_WARN_UNGUARDED_AVAILABILITY = YES_AGGRESSIVE;
				CLANG_WARN_UNREACHABLE_CODE = YES;
				CLANG_WARN__DUPLICATE_METHOD_MATCH = YES;
				COPY_PHASE_STRIP = NO;
				DEBUG_INFORMATION_FORMAT = dwarf;
				ENABLE_STRICT_OBJC_MSGSEND = YES;
				ENABLE_TESTABILITY = YES;
				ENABLE_USER_SCRIPT_SANDBOXING = YES;
				GCC_C_LANGUAGE_STANDARD = gnu17;
				GCC_DYNAMIC_NO_PIC = NO;
				GCC_NO_COMMON_BLOCKS = YES;
				GCC_OPTIMIZATION_LEVEL = 0;
				GCC_PREPROCESSOR_DEFINITIONS = (
					"DEBUG=1",
					"$(inherited)",
				);
				GCC_WARN_64_TO_32_BIT_CONVERSION = YES;
				GCC_WARN_ABOUT_RETURN_TYPE = YES_ERROR;
				GCC_WARN_UNDECLARED_SELECTOR = YES;
				GCC_WARN_UNINITIALIZED_AUTOS = YES_AGGRESSIVE;
				GCC_WARN_UNUSED_FUNCTION = YES;
				GCC_WARN_UNUSED_VARIABLE = YES;
				IPHONEOS_DEPLOYMENT_TARGET = 17.0;
				LOCALIZATION_PREFERS_STRING_CATALOGS = YES;
				MTL_ENABLE_DEBUG_INFO = INCLUDE_SOURCE;
				MTL_FAST_MATH = YES;
				ONLY_ACTIVE_ARCH = YES;
				SDKROOT = iphoneos;
				SWIFT_ACTIVE_COMPILATION_CONDITIONS = "DEBUG $(inherited)";
				SWIFT_OPTIMIZATION_LEVEL = "-Onone";
			};
			name = Debug;
		};
		84DD48ED2BE436F800175061 /* Release */ = {
			isa = XCBuildConfiguration;
			buildSettings = {
				ALWAYS_SEARCH_USER_PATHS = NO;
				ASSETCATALOG_COMPILER_GENERATE_SWIFT_ASSET_SYMBOL_EXTENSIONS = YES;
				CLANG_ANALYZER_NONNULL = YES;
				CLANG_ANALYZER_NUMBER_OBJECT_CONVERSION = YES_AGGRESSIVE;
				CLANG_CXX_LANGUAGE_STANDARD = "gnu++20";
				CLANG_ENABLE_MODULES = YES;
				CLANG_ENABLE_OBJC_ARC = YES;
				CLANG_ENABLE_OBJC_WEAK = YES;
				CLANG_WARN_BLOCK_CAPTURE_AUTORELEASING = YES;
				CLANG_WARN_BOOL_CONVERSION = YES;
				CLANG_WARN_COMMA = YES;
				CLANG_WARN_CONSTANT_CONVERSION = YES;
				CLANG_WARN_DEPRECATED_OBJC_IMPLEMENTATIONS = YES;
				CLANG_WARN_DIRECT_OBJC_ISA_USAGE = YES_ERROR;
				CLANG_WARN_DOCUMENTATION_COMMENTS = YES;
				CLANG_WARN_EMPTY_BODY = YES;
				CLANG_WARN_ENUM_CONVERSION = YES;
				CLANG_WARN_INFINITE_RECURSION = YES;
				CLANG_WARN_INT_CONVERSION = YES;
				CLANG_WARN_NON_LITERAL_NULL_CONVERSION = YES;
				CLANG_WARN_OBJC_IMPLICIT_RETAIN_SELF = YES;
				CLANG_WARN_OBJC_LITERAL_CONVERSION = YES;
				CLANG_WARN_OBJC_ROOT_CLASS = YES_ERROR;
				CLANG_WARN_QUOTED_INCLUDE_IN_FRAMEWORK_HEADER = YES;
				CLANG_WARN_RANGE_LOOP_ANALYSIS = YES;
				CLANG_WARN_STRICT_PROTOTYPES = YES;
				CLANG_WARN_SUSPICIOUS_MOVE = YES;
				CLANG_WARN_UNGUARDED_AVAILABILITY = YES_AGGRESSIVE;
				CLANG_WARN_UNREACHABLE_CODE = YES;
				CLANG_WARN__DUPLICATE_METHOD_MATCH = YES;
				COPY_PHASE_STRIP = NO;
				DEBUG_INFORMATION_FORMAT = "dwarf-with-dsym";
				ENABLE_NS_ASSERTIONS = NO;
				ENABLE_STRICT_OBJC_MSGSEND = YES;
				ENABLE_USER_SCRIPT_SANDBOXING = YES;
				GCC_C_LANGUAGE_STANDARD = gnu17;
				GCC_NO_COMMON_BLOCKS = YES;
				GCC_WARN_64_TO_32_BIT_CONVERSION = YES;
				GCC_WARN_ABOUT_RETURN_TYPE = YES_ERROR;
				GCC_WARN_UNDECLARED_SELECTOR = YES;
				GCC_WARN_UNINITIALIZED_AUTOS = YES_AGGRESSIVE;
				GCC_WARN_UNUSED_FUNCTION = YES;
				GCC_WARN_UNUSED_VARIABLE = YES;
				IPHONEOS_DEPLOYMENT_TARGET = 17.0;
				LOCALIZATION_PREFERS_STRING_CATALOGS = YES;
				MTL_ENABLE_DEBUG_INFO = NO;
				MTL_FAST_MATH = YES;
				SDKROOT = iphoneos;
				SWIFT_COMPILATION_MODE = wholemodule;
				VALIDATE_PRODUCT = YES;
			};
			name = Release;
		};
		84DD48EF2BE436F800175061 /* Debug */ = {
			isa = XCBuildConfiguration;
			buildSettings = {
				ASSETCATALOG_COMPILER_APPICON_NAME = AppIcon;
				ASSETCATALOG_COMPILER_GLOBAL_ACCENT_COLOR_NAME = AccentColor;
				CODE_SIGN_STYLE = Automatic;
				CURRENT_PROJECT_VERSION = 1;
				DEVELOPMENT_ASSET_PATHS = "\"RickAndMortyApp/Preview Content\"";
				DEVELOPMENT_TEAM = AB95K5R2N4;
				ENABLE_PREVIEWS = YES;
				GENERATE_INFOPLIST_FILE = YES;
				INFOPLIST_KEY_UIApplicationSceneManifest_Generation = YES;
				INFOPLIST_KEY_UIApplicationSupportsIndirectInputEvents = YES;
				INFOPLIST_KEY_UILaunchScreen_Generation = YES;
				INFOPLIST_KEY_UISupportedInterfaceOrientations_iPad = "UIInterfaceOrientationPortrait UIInterfaceOrientationPortraitUpsideDown UIInterfaceOrientationLandscapeLeft UIInterfaceOrientationLandscapeRight";
				INFOPLIST_KEY_UISupportedInterfaceOrientations_iPhone = "UIInterfaceOrientationPortrait UIInterfaceOrientationLandscapeLeft UIInterfaceOrientationLandscapeRight";
				LD_RUNPATH_SEARCH_PATHS = (
					"$(inherited)",
					"@executable_path/Frameworks",
				);
				MARKETING_VERSION = 1.0;
				PRODUCT_BUNDLE_IDENTIFIER = co.victorsheepman.RickAndMortyApp;
				PRODUCT_NAME = "$(TARGET_NAME)";
				SWIFT_EMIT_LOC_STRINGS = YES;
				SWIFT_VERSION = 5.0;
				TARGETED_DEVICE_FAMILY = "1,2";
			};
			name = Debug;
		};
		84DD48F02BE436F800175061 /* Release */ = {
			isa = XCBuildConfiguration;
			buildSettings = {
				ASSETCATALOG_COMPILER_APPICON_NAME = AppIcon;
				ASSETCATALOG_COMPILER_GLOBAL_ACCENT_COLOR_NAME = AccentColor;
				CODE_SIGN_STYLE = Automatic;
				CURRENT_PROJECT_VERSION = 1;
				DEVELOPMENT_ASSET_PATHS = "\"RickAndMortyApp/Preview Content\"";
				DEVELOPMENT_TEAM = AB95K5R2N4;
				ENABLE_PREVIEWS = YES;
				GENERATE_INFOPLIST_FILE = YES;
				INFOPLIST_KEY_UIApplicationSceneManifest_Generation = YES;
				INFOPLIST_KEY_UIApplicationSupportsIndirectInputEvents = YES;
				INFOPLIST_KEY_UILaunchScreen_Generation = YES;
				INFOPLIST_KEY_UISupportedInterfaceOrientations_iPad = "UIInterfaceOrientationPortrait UIInterfaceOrientationPortraitUpsideDown UIInterfaceOrientationLandscapeLeft UIInterfaceOrientationLandscapeRight";
				INFOPLIST_KEY_UISupportedInterfaceOrientations_iPhone = "UIInterfaceOrientationPortrait UIInterfaceOrientationLandscapeLeft UIInterfaceOrientationLandscapeRight";
				LD_RUNPATH_SEARCH_PATHS = (
					"$(inherited)",
					"@executable_path/Frameworks",
				);
				MARKETING_VERSION = 1.0;
				PRODUCT_BUNDLE_IDENTIFIER = co.victorsheepman.RickAndMortyApp;
				PRODUCT_NAME = "$(TARGET_NAME)";
				SWIFT_EMIT_LOC_STRINGS = YES;
				SWIFT_VERSION = 5.0;
				TARGETED_DEVICE_FAMILY = "1,2";
			};
			name = Release;
		};
/* End XCBuildConfiguration section */

/* Begin XCConfigurationList section */
		8410D2672C50576A00833B3B /* Build configuration list for PBXNativeTarget "RickAndMortyAppTests" */ = {
			isa = XCConfigurationList;
			buildConfigurations = (
				8410D2682C50576A00833B3B /* Debug */,
				8410D2692C50576A00833B3B /* Release */,
			);
			defaultConfigurationIsVisible = 0;
			defaultConfigurationName = Release;
		};
		84DD48DB2BE436F700175061 /* Build configuration list for PBXProject "RickAndMortyApp" */ = {
			isa = XCConfigurationList;
			buildConfigurations = (
				84DD48EC2BE436F800175061 /* Debug */,
				84DD48ED2BE436F800175061 /* Release */,
			);
			defaultConfigurationIsVisible = 0;
			defaultConfigurationName = Release;
		};
		84DD48EE2BE436F800175061 /* Build configuration list for PBXNativeTarget "RickAndMortyApp" */ = {
			isa = XCConfigurationList;
			buildConfigurations = (
				84DD48EF2BE436F800175061 /* Debug */,
				84DD48F02BE436F800175061 /* Release */,
			);
			defaultConfigurationIsVisible = 0;
			defaultConfigurationName = Release;
		};
/* End XCConfigurationList section */
	};
	rootObject = 84DD48D82BE436F700175061 /* Project object */;
}
